
Microsoft Visual Studio Solution File, Format Version 12.00
# Visual Studio Version 17
VisualStudioVersion = 17.10.34916.146
MinimumVisualStudioVersion = 10.0.40219.1
Project("{9A19103F-16F7-4668-BE54-9A1E7A4F7556}") = "TaskSystem.API", "TaskSystem.API.csproj", "{B86512B1-C133-418F-B4AC-CCABFC730224}"
EndProject
Project("{9A19103F-16F7-4668-BE54-9A1E7A4F7556}") = "TaskSystem.Domain", "..\TaskSystem.Domain\TaskSystem.Domain.csproj", "{3F62F1DB-7DFA-45EE-9A92-1752BEBEF86A}"
	ProjectSection(ProjectDependencies) = postProject
		{29D9602D-842C-4F8C-8958-16E9687DB04F} = {29D9602D-842C-4F8C-8958-16E9687DB04F}
	EndProjectSection
EndProject
Project("{9A19103F-16F7-4668-BE54-9A1E7A4F7556}") = "TaskSystem.Service", "..\TaskSystem.Service\TaskSystem.Service.csproj", "{29D9602D-842C-4F8C-8958-16E9687DB04F}"
EndProject
Project("{FAE04EC0-301F-11D3-BF4B-00C04F79EFBC}") = "TaskSystem.Infrastructure.MongoDb", "..\TaskSystem.Infrastructure.MongoDb\TaskSystem.Infrastructure.MongoDb.csproj", "{D59103A9-5175-4F26-9529-2A2E27C2E933}"
EndProject
Global
	GlobalSection(SolutionConfigurationPlatforms) = preSolution
		Debug|Any CPU = Debug|Any CPU
		Release|Any CPU = Release|Any CPU
	EndGlobalSection
	GlobalSection(ProjectConfigurationPlatforms) = postSolution
		{B86512B1-C133-418F-B4AC-CCABFC730224}.Debug|Any CPU.ActiveCfg = Debug|Any CPU
		{B86512B1-C133-418F-B4AC-CCABFC730224}.Debug|Any CPU.Build.0 = Debug|Any CPU
		{B86512B1-C133-418F-B4AC-CCABFC730224}.Release|Any CPU.ActiveCfg = Release|Any CPU
		{B86512B1-C133-418F-B4AC-CCABFC730224}.Release|Any CPU.Build.0 = Release|Any CPU
		{3F62F1DB-7DFA-45EE-9A92-1752BEBEF86A}.Debug|Any CPU.ActiveCfg = Debug|Any CPU
		{3F62F1DB-7DFA-45EE-9A92-1752BEBEF86A}.Debug|Any CPU.Build.0 = Debug|Any CPU
		{3F62F1DB-7DFA-45EE-9A92-1752BEBEF86A}.Release|Any CPU.ActiveCfg = Release|Any CPU
		{3F62F1DB-7DFA-45EE-9A92-1752BEBEF86A}.Release|Any CPU.Build.0 = Release|Any CPU
		{29D9602D-842C-4F8C-8958-16E9687DB04F}.Debug|Any CPU.ActiveCfg = Debug|Any CPU
		{29D9602D-842C-4F8C-8958-16E9687DB04F}.Debug|Any CPU.Build.0 = Debug|Any CPU
		{29D9602D-842C-4F8C-8958-16E9687DB04F}.Release|Any CPU.ActiveCfg = Release|Any CPU
		{29D9602D-842C-4F8C-8958-16E9687DB04F}.Release|Any CPU.Build.0 = Release|Any CPU
		{D59103A9-5175-4F26-9529-2A2E27C2E933}.Debug|Any CPU.ActiveCfg = Debug|Any CPU
		{D59103A9-5175-4F26-9529-2A2E27C2E933}.Debug|Any CPU.Build.0 = Debug|Any CPU
		{D59103A9-5175-4F26-9529-2A2E27C2E933}.Release|Any CPU.ActiveCfg = Release|Any CPU
		{D59103A9-5175-4F26-9529-2A2E27C2E933}.Release|Any CPU.Build.0 = Release|Any CPU
	EndGlobalSection
	GlobalSection(SolutionProperties) = preSolution
		HideSolutionNode = FALSE
	EndGlobalSection
	GlobalSection(ExtensibilityGlobals) = postSolution
		SolutionGuid = {6DD705B9-14B0-4337-81BC-16CBFD9CB6D0}
	EndGlobalSection
EndGlobal
